
Microsoft Visual Studio Solution File, Format Version 11.00
# Visual Basic Express 2010
Project("{F184B08F-C81C-45F6-A57F-5ABD9991F28F}") = "export_sm", "export_sm.vbproj", "{C2E4D798-F523-479E-A5C9-03FACD499CFA}"
EndProject
Global
	GlobalSection(SolutionConfigurationPlatforms) = preSolution
		Debug|x86 = Debug|x86
		Release|x86 = Release|x86
	EndGlobalSection
	GlobalSection(ProjectConfigurationPlatforms) = postSolution
		{C2E4D798-F523-479E-A5C9-03FACD499CFA}.Debug|x86.ActiveCfg = Debug|x86
		{C2E4D798-F523-479E-A5C9-03FACD499CFA}.Debug|x86.Build.0 = Debug|x86
		{C2E4D798-F523-479E-A5C9-03FACD499CFA}.Release|x86.ActiveCfg = Release|x86
		{C2E4D798-F523-479E-A5C9-03FACD499CFA}.Release|x86.Build.0 = Release|x86
	EndGlobalSection
	GlobalSection(SolutionProperties) = preSolution
		HideSolutionNode = FALSE
	EndGlobalSection
EndGlobal
